
Microsoft Visual Studio Solution File, Format Version 12.00
# Visual Studio Version 17
VisualStudioVersion = 17.2.32616.157
MinimumVisualStudioVersion = 10.0.40219.1
Project("{FAE04EC0-301F-11D3-BF4B-00C04F79EFBC}") = "BackendAPI", "BackendAPI\BackendAPI.csproj", "{C807E1FE-A96A-4E9E-BE52-CFC95E9E96EC}"
EndProject
Global
	GlobalSection(SolutionConfigurationPlatforms) = preSolution
		Debug|Any CPU = Debug|Any CPU
		Release|Any CPU = Release|Any CPU
	EndGlobalSection
	GlobalSection(ProjectConfigurationPlatforms) = postSolution
		{C807E1FE-A96A-4E9E-BE52-CFC95E9E96EC}.Debug|Any CPU.ActiveCfg = Debug|Any CPU
		{C807E1FE-A96A-4E9E-BE52-CFC95E9E96EC}.Debug|Any CPU.Build.0 = Debug|Any CPU
		{C807E1FE-A96A-4E9E-BE52-CFC95E9E96EC}.Release|Any CPU.ActiveCfg = Release|Any CPU
		{C807E1FE-A96A-4E9E-BE52-CFC95E9E96EC}.Release|Any CPU.Build.0 = Release|Any CPU
	EndGlobalSection
	GlobalSection(SolutionProperties) = preSolution
		HideSolutionNode = FALSE
	EndGlobalSection
	GlobalSection(ExtensibilityGlobals) = postSolution
		SolutionGuid = {6DCDCE4F-C26A-45D0-A4AB-9E6D4F4E1B81}
	EndGlobalSection
EndGlobal
